
Microsoft Visual Studio Solution File, Format Version 12.00
# Visual Studio Version 17
VisualStudioVersion = 17.4.33213.308
MinimumVisualStudioVersion = 10.0.40219.1
Project("{9A19103F-16F7-4668-BE54-9A1E7A4F7556}") = "Chester512", "Chester512.csproj", "{4B61EA6B-D711-40AC-A444-5B8412AA85F8}"
EndProject
Global
	GlobalSection(SolutionConfigurationPlatforms) = preSolution
		Debug|Any CPU = Debug|Any CPU
		Release|Any CPU = Release|Any CPU
	EndGlobalSection
	GlobalSection(ProjectConfigurationPlatforms) = postSolution
		{4B61EA6B-D711-40AC-A444-5B8412AA85F8}.Debug|Any CPU.ActiveCfg = Debug|Any CPU
		{4B61EA6B-D711-40AC-A444-5B8412AA85F8}.Debug|Any CPU.Build.0 = Debug|Any CPU
		{4B61EA6B-D711-40AC-A444-5B8412AA85F8}.Release|Any CPU.ActiveCfg = Release|Any CPU
		{4B61EA6B-D711-40AC-A444-5B8412AA85F8}.Release|Any CPU.Build.0 = Release|Any CPU
	EndGlobalSection
	GlobalSection(SolutionProperties) = preSolution
		HideSolutionNode = FALSE
	EndGlobalSection
	GlobalSection(ExtensibilityGlobals) = postSolution
		SolutionGuid = {D5119E72-53C2-49BD-90AB-7AAE20282991}
	EndGlobalSection
EndGlobal
